
Microsoft Visual Studio Solution File, Format Version 12.00
# Visual Studio Version 17
VisualStudioVersion = 17.0.32014.148
MinimumVisualStudioVersion = 10.0.40219.1
Project("{9A19103F-16F7-4668-BE54-9A1E7A4F7556}") = "Carna", "Source\Carna\Carna.csproj", "{FCA0DC22-0EA7-4053-B03D-30345E00B5E3}"
EndProject
Project("{D954291E-2A0B-460D-934E-DC6B0785DB48}") = "Carna.Spec", "Spec\Carna.Spec\Carna.Spec.shproj", "{F0B03602-D83E-4569-9040-51ADA0977637}"
EndProject
Project("{9A19103F-16F7-4668-BE54-9A1E7A4F7556}") = "Carna.Runner", "Source\Carna.Runner\Carna.Runner.csproj", "{F3625049-52FE-4199-8691-13C4D7AEE26C}"
EndProject
Project("{D954291E-2A0B-460D-934E-DC6B0785DB48}") = "Carna.Runner.Spec", "Spec\Carna.Runner.Spec\Carna.Runner.Spec.shproj", "{7308BC2E-66F3-4754-9EC0-2347AEBD6BDB}"
EndProject
Project("{9A19103F-16F7-4668-BE54-9A1E7A4F7556}") = "Carna.ConsoleRunner.NetCore", "Source\Carna.ConsoleRunner.NetCore\Carna.ConsoleRunner.NetCore.csproj", "{A2EB9BDB-39A5-44CE-96F1-C496AE63FD7B}"
EndProject
Project("{D954291E-2A0B-460D-934E-DC6B0785DB48}") = "Carna.ConsoleRunner", "Source\Carna.ConsoleRunner\Carna.ConsoleRunner.shproj", "{8555688D-9F64-423B-9DBF-265978F8386D}"
EndProject
Project("{9A19103F-16F7-4668-BE54-9A1E7A4F7556}") = "Carna.Spec.NetCore", "Spec\Carna.Spec.NetCore\Carna.Spec.NetCore.csproj", "{7EA553D9-25F6-46E3-8805-68E7364A1E84}"
EndProject
Project("{9A19103F-16F7-4668-BE54-9A1E7A4F7556}") = "Carna.Runner.Spec.NetCore", "Spec\Carna.Runner.Spec.NetCore\Carna.Runner.Spec.NetCore.csproj", "{56680617-E4BB-4D4E-9D3C-87694D980A4A}"
EndProject
Project("{9A19103F-16F7-4668-BE54-9A1E7A4F7556}") = "Carna.ConsoleRunner.Spec", "Spec\Carna.ConsoleRunner.Spec\Carna.ConsoleRunner.Spec.csproj", "{2DDB507D-87CE-442A-BEF7-064390AC2D61}"
EndProject
Project("{9A19103F-16F7-4668-BE54-9A1E7A4F7556}") = "CarnaConsoleRunner", "Source\CarnaConsoleRunner\CarnaConsoleRunner.csproj", "{F8CD6F23-B450-4262-A71A-4E9694E461AB}"
EndProject
Global
	GlobalSection(SharedMSBuildProjectFiles) = preSolution
		Spec\Carna.Runner.Spec\Carna.Runner.Spec.projitems*{56680617-e4bb-4d4e-9d3c-87694d980a4a}*SharedItemsImports = 5
		Spec\Carna.Runner.Spec\Carna.Runner.Spec.projitems*{7308bc2e-66f3-4754-9ec0-2347aebd6bdb}*SharedItemsImports = 13
		Spec\Carna.Spec\Carna.Spec.projitems*{7ea553d9-25f6-46e3-8805-68e7364a1e84}*SharedItemsImports = 5
		Source\Carna.ConsoleRunner\Carna.ConsoleRunner.projitems*{8555688d-9f64-423b-9dbf-265978f8386d}*SharedItemsImports = 13
		Source\Carna.ConsoleRunner\Carna.ConsoleRunner.projitems*{a2eb9bdb-39a5-44ce-96f1-c496ae63fd7b}*SharedItemsImports = 5
		Spec\Carna.Spec\Carna.Spec.projitems*{f0b03602-d83e-4569-9040-51ada0977637}*SharedItemsImports = 13
		Source\Carna.ConsoleRunner\Carna.ConsoleRunner.projitems*{f8cd6f23-b450-4262-a71a-4e9694e461ab}*SharedItemsImports = 5
	EndGlobalSection
	GlobalSection(SolutionConfigurationPlatforms) = preSolution
		Debug|Any CPU = Debug|Any CPU
		Debug|ARM = Debug|ARM
		Debug|x64 = Debug|x64
		Debug|x86 = Debug|x86
		Release|Any CPU = Release|Any CPU
		Release|ARM = Release|ARM
		Release|x64 = Release|x64
		Release|x86 = Release|x86
	EndGlobalSection
	GlobalSection(ProjectConfigurationPlatforms) = postSolution
		{FCA0DC22-0EA7-4053-B03D-30345E00B5E3}.Debug|Any CPU.ActiveCfg = Debug|Any CPU
		{FCA0DC22-0EA7-4053-B03D-30345E00B5E3}.Debug|Any CPU.Build.0 = Debug|Any CPU
		{FCA0DC22-0EA7-4053-B03D-30345E00B5E3}.Debug|ARM.ActiveCfg = Debug|Any CPU
		{FCA0DC22-0EA7-4053-B03D-30345E00B5E3}.Debug|ARM.Build.0 = Debug|Any CPU
		{FCA0DC22-0EA7-4053-B03D-30345E00B5E3}.Debug|x64.ActiveCfg = Debug|Any CPU
		{FCA0DC22-0EA7-4053-B03D-30345E00B5E3}.Debug|x64.Build.0 = Debug|Any CPU
		{FCA0DC22-0EA7-4053-B03D-30345E00B5E3}.Debug|x86.ActiveCfg = Debug|Any CPU
		{FCA0DC22-0EA7-4053-B03D-30345E00B5E3}.Debug|x86.Build.0 = Debug|Any CPU
		{FCA0DC22-0EA7-4053-B03D-30345E00B5E3}.Release|Any CPU.ActiveCfg = Release|Any CPU
		{FCA0DC22-0EA7-4053-B03D-30345E00B5E3}.Release|Any CPU.Build.0 = Release|Any CPU
		{FCA0DC22-0EA7-4053-B03D-30345E00B5E3}.Release|ARM.ActiveCfg = Release|Any CPU
		{FCA0DC22-0EA7-4053-B03D-30345E00B5E3}.Release|ARM.Build.0 = Release|Any CPU
		{FCA0DC22-0EA7-4053-B03D-30345E00B5E3}.Release|x64.ActiveCfg = Release|Any CPU
		{FCA0DC22-0EA7-4053-B03D-30345E00B5E3}.Release|x64.Build.0 = Release|Any CPU
		{FCA0DC22-0EA7-4053-B03D-30345E00B5E3}.Release|x86.ActiveCfg = Release|Any CPU
		{FCA0DC22-0EA7-4053-B03D-30345E00B5E3}.Release|x86.Build.0 = Release|Any CPU
		{F3625049-52FE-4199-8691-13C4D7AEE26C}.Debug|Any CPU.ActiveCfg = Debug|Any CPU
		{F3625049-52FE-4199-8691-13C4D7AEE26C}.Debug|Any CPU.Build.0 = Debug|Any CPU
		{F3625049-52FE-4199-8691-13C4D7AEE26C}.Debug|ARM.ActiveCfg = Debug|Any CPU
		{F3625049-52FE-4199-8691-13C4D7AEE26C}.Debug|ARM.Build.0 = Debug|Any CPU
		{F3625049-52FE-4199-8691-13C4D7AEE26C}.Debug|x64.ActiveCfg = Debug|Any CPU
		{F3625049-52FE-4199-8691-13C4D7AEE26C}.Debug|x64.Build.0 = Debug|Any CPU
		{F3625049-52FE-4199-8691-13C4D7AEE26C}.Debug|x86.ActiveCfg = Debug|Any CPU
		{F3625049-52FE-4199-8691-13C4D7AEE26C}.Debug|x86.Build.0 = Debug|Any CPU
		{F3625049-52FE-4199-8691-13C4D7AEE26C}.Release|Any CPU.ActiveCfg = Release|Any CPU
		{F3625049-52FE-4199-8691-13C4D7AEE26C}.Release|Any CPU.Build.0 = Release|Any CPU
		{F3625049-52FE-4199-8691-13C4D7AEE26C}.Release|ARM.ActiveCfg = Release|Any CPU
		{F3625049-52FE-4199-8691-13C4D7AEE26C}.Release|ARM.Build.0 = Release|Any CPU
		{F3625049-52FE-4199-8691-13C4D7AEE26C}.Release|x64.ActiveCfg = Release|Any CPU
		{F3625049-52FE-4199-8691-13C4D7AEE26C}.Release|x64.Build.0 = Release|Any CPU
		{F3625049-52FE-4199-8691-13C4D7AEE26C}.Release|x86.ActiveCfg = Release|Any CPU
		{F3625049-52FE-4199-8691-13C4D7AEE26C}.Release|x86.Build.0 = Release|Any CPU
		{A2EB9BDB-39A5-44CE-96F1-C496AE63FD7B}.Debug|Any CPU.ActiveCfg = Debug|Any CPU
		{A2EB9BDB-39A5-44CE-96F1-C496AE63FD7B}.Debug|Any CPU.Build.0 = Debug|Any CPU
		{A2EB9BDB-39A5-44CE-96F1-C496AE63FD7B}.Debug|ARM.ActiveCfg = Debug|Any CPU
		{A2EB9BDB-39A5-44CE-96F1-C496AE63FD7B}.Debug|ARM.Build.0 = Debug|Any CPU
		{A2EB9BDB-39A5-44CE-96F1-C496AE63FD7B}.Debug|x64.ActiveCfg = Debug|Any CPU
		{A2EB9BDB-39A5-44CE-96F1-C496AE63FD7B}.Debug|x64.Build.0 = Debug|Any CPU
		{A2EB9BDB-39A5-44CE-96F1-C496AE63FD7B}.Debug|x86.ActiveCfg = Debug|Any CPU
		{A2EB9BDB-39A5-44CE-96F1-C496AE63FD7B}.Debug|x86.Build.0 = Debug|Any CPU
		{A2EB9BDB-39A5-44CE-96F1-C496AE63FD7B}.Release|Any CPU.ActiveCfg = Release|Any CPU
		{A2EB9BDB-39A5-44CE-96F1-C496AE63FD7B}.Release|Any CPU.Build.0 = Release|Any CPU
		{A2EB9BDB-39A5-44CE-96F1-C496AE63FD7B}.Release|ARM.ActiveCfg = Release|Any CPU
		{A2EB9BDB-39A5-44CE-96F1-C496AE63FD7B}.Release|ARM.Build.0 = Release|Any CPU
		{A2EB9BDB-39A5-44CE-96F1-C496AE63FD7B}.Release|x64.ActiveCfg = Release|Any CPU
		{A2EB9BDB-39A5-44CE-96F1-C496AE63FD7B}.Release|x64.Build.0 = Release|Any CPU
		{A2EB9BDB-39A5-44CE-96F1-C496AE63FD7B}.Release|x86.ActiveCfg = Release|Any CPU
		{A2EB9BDB-39A5-44CE-96F1-C496AE63FD7B}.Release|x86.Build.0 = Release|Any CPU
		{7EA553D9-25F6-46E3-8805-68E7364A1E84}.Debug|Any CPU.ActiveCfg = Debug|Any CPU
		{7EA553D9-25F6-46E3-8805-68E7364A1E84}.Debug|Any CPU.Build.0 = Debug|Any CPU
		{7EA553D9-25F6-46E3-8805-68E7364A1E84}.Debug|ARM.ActiveCfg = Debug|Any CPU
		{7EA553D9-25F6-46E3-8805-68E7364A1E84}.Debug|ARM.Build.0 = Debug|Any CPU
		{7EA553D9-25F6-46E3-8805-68E7364A1E84}.Debug|x64.ActiveCfg = Debug|Any CPU
		{7EA553D9-25F6-46E3-8805-68E7364A1E84}.Debug|x64.Build.0 = Debug|Any CPU
		{7EA553D9-25F6-46E3-8805-68E7364A1E84}.Debug|x86.ActiveCfg = Debug|Any CPU
		{7EA553D9-25F6-46E3-8805-68E7364A1E84}.Debug|x86.Build.0 = Debug|Any CPU
		{7EA553D9-25F6-46E3-8805-68E7364A1E84}.Release|Any CPU.ActiveCfg = Release|Any CPU
		{7EA553D9-25F6-46E3-8805-68E7364A1E84}.Release|Any CPU.Build.0 = Release|Any CPU
		{7EA553D9-25F6-46E3-8805-68E7364A1E84}.Release|ARM.ActiveCfg = Release|Any CPU
		{7EA553D9-25F6-46E3-8805-68E7364A1E84}.Release|ARM.Build.0 = Release|Any CPU
		{7EA553D9-25F6-46E3-8805-68E7364A1E84}.Release|x64.ActiveCfg = Release|Any CPU
		{7EA553D9-25F6-46E3-8805-68E7364A1E84}.Release|x64.Build.0 = Release|Any CPU
		{7EA553D9-25F6-46E3-8805-68E7364A1E84}.Release|x86.ActiveCfg = Release|Any CPU
		{7EA553D9-25F6-46E3-8805-68E7364A1E84}.Release|x86.Build.0 = Release|Any CPU
		{56680617-E4BB-4D4E-9D3C-87694D980A4A}.Debug|Any CPU.ActiveCfg = Debug|Any CPU
		{56680617-E4BB-4D4E-9D3C-87694D980A4A}.Debug|Any CPU.Build.0 = Debug|Any CPU
		{56680617-E4BB-4D4E-9D3C-87694D980A4A}.Debug|ARM.ActiveCfg = Debug|Any CPU
		{56680617-E4BB-4D4E-9D3C-87694D980A4A}.Debug|ARM.Build.0 = Debug|Any CPU
		{56680617-E4BB-4D4E-9D3C-87694D980A4A}.Debug|x64.ActiveCfg = Debug|Any CPU
		{56680617-E4BB-4D4E-9D3C-87694D980A4A}.Debug|x64.Build.0 = Debug|Any CPU
		{56680617-E4BB-4D4E-9D3C-87694D980A4A}.Debug|x86.ActiveCfg = Debug|Any CPU
		{56680617-E4BB-4D4E-9D3C-87694D980A4A}.Debug|x86.Build.0 = Debug|Any CPU
		{56680617-E4BB-4D4E-9D3C-87694D980A4A}.Release|Any CPU.ActiveCfg = Release|Any CPU
		{56680617-E4BB-4D4E-9D3C-87694D980A4A}.Release|Any CPU.Build.0 = Release|Any CPU
		{56680617-E4BB-4D4E-9D3C-87694D980A4A}.Release|ARM.ActiveCfg = Release|Any CPU
		{56680617-E4BB-4D4E-9D3C-87694D980A4A}.Release|ARM.Build.0 = Release|Any CPU
		{56680617-E4BB-4D4E-9D3C-87694D980A4A}.Release|x64.ActiveCfg = Release|Any CPU
		{56680617-E4BB-4D4E-9D3C-87694D980A4A}.Release|x64.Build.0 = Release|Any CPU
		{56680617-E4BB-4D4E-9D3C-87694D980A4A}.Release|x86.ActiveCfg = Release|Any CPU
		{56680617-E4BB-4D4E-9D3C-87694D980A4A}.Release|x86.Build.0 = Release|Any CPU
		{2DDB507D-87CE-442A-BEF7-064390AC2D61}.Debug|Any CPU.ActiveCfg = Debug|Any CPU
		{2DDB507D-87CE-442A-BEF7-064390AC2D61}.Debug|Any CPU.Build.0 = Debug|Any CPU
		{2DDB507D-87CE-442A-BEF7-064390AC2D61}.Debug|ARM.ActiveCfg = Debug|Any CPU
		{2DDB507D-87CE-442A-BEF7-064390AC2D61}.Debug|ARM.Build.0 = Debug|Any CPU
		{2DDB507D-87CE-442A-BEF7-064390AC2D61}.Debug|x64.ActiveCfg = Debug|Any CPU
		{2DDB507D-87CE-442A-BEF7-064390AC2D61}.Debug|x64.Build.0 = Debug|Any CPU
		{2DDB507D-87CE-442A-BEF7-064390AC2D61}.Debug|x86.ActiveCfg = Debug|Any CPU
		{2DDB507D-87CE-442A-BEF7-064390AC2D61}.Debug|x86.Build.0 = Debug|Any CPU
		{2DDB507D-87CE-442A-BEF7-064390AC2D61}.Release|Any CPU.ActiveCfg = Release|Any CPU
		{2DDB507D-87CE-442A-BEF7-064390AC2D61}.Release|Any CPU.Build.0 = Release|Any CPU
		{2DDB507D-87CE-442A-BEF7-064390AC2D61}.Release|ARM.ActiveCfg = Release|Any CPU
		{2DDB507D-87CE-442A-BEF7-064390AC2D61}.Release|ARM.Build.0 = Release|Any CPU
		{2DDB507D-87CE-442A-BEF7-064390AC2D61}.Release|x64.ActiveCfg = Release|Any CPU
		{2DDB507D-87CE-442A-BEF7-064390AC2D61}.Release|x64.Build.0 = Release|Any CPU
		{2DDB507D-87CE-442A-BEF7-064390AC2D61}.Release|x86.ActiveCfg = Release|Any CPU
		{2DDB507D-87CE-442A-BEF7-064390AC2D61}.Release|x86.Build.0 = Release|Any CPU
		{F8CD6F23-B450-4262-A71A-4E9694E461AB}.Debug|Any CPU.ActiveCfg = Debug|Any CPU
		{F8CD6F23-B450-4262-A71A-4E9694E461AB}.Debug|Any CPU.Build.0 = Debug|Any CPU
		{F8CD6F23-B450-4262-A71A-4E9694E461AB}.Debug|ARM.ActiveCfg = Debug|Any CPU
		{F8CD6F23-B450-4262-A71A-4E9694E461AB}.Debug|ARM.Build.0 = Debug|Any CPU
		{F8CD6F23-B450-4262-A71A-4E9694E461AB}.Debug|x64.ActiveCfg = Debug|Any CPU
		{F8CD6F23-B450-4262-A71A-4E9694E461AB}.Debug|x64.Build.0 = Debug|Any CPU
		{F8CD6F23-B450-4262-A71A-4E9694E461AB}.Debug|x86.ActiveCfg = Debug|Any CPU
		{F8CD6F23-B450-4262-A71A-4E9694E461AB}.Debug|x86.Build.0 = Debug|Any CPU
		{F8CD6F23-B450-4262-A71A-4E9694E461AB}.Release|Any CPU.ActiveCfg = Release|Any CPU
		{F8CD6F23-B450-4262-A71A-4E9694E461AB}.Release|Any CPU.Build.0 = Release|Any CPU
		{F8CD6F23-B450-4262-A71A-4E9694E461AB}.Release|ARM.ActiveCfg = Release|Any CPU
		{F8CD6F23-B450-4262-A71A-4E9694E461AB}.Release|ARM.Build.0 = Release|Any CPU
		{F8CD6F23-B450-4262-A71A-4E9694E461AB}.Release|x64.ActiveCfg = Release|Any CPU
		{F8CD6F23-B450-4262-A71A-4E9694E461AB}.Release|x64.Build.0 = Release|Any CPU
		{F8CD6F23-B450-4262-A71A-4E9694E461AB}.Release|x86.ActiveCfg = Release|Any CPU
		{F8CD6F23-B450-4262-A71A-4E9694E461AB}.Release|x86.Build.0 = Release|Any CPU
	EndGlobalSection
	GlobalSection(SolutionProperties) = preSolution
		HideSolutionNode = FALSE
	EndGlobalSection
	GlobalSection(ExtensibilityGlobals) = postSolution
		SolutionGuid = {FEB2726B-2E9B-4C20-AC7F-3C2DF095AC92}
	EndGlobalSection
EndGlobal
